
Microsoft Visual Studio Solution File, Format Version 12.00
# Visual Studio Version 16
VisualStudioVersion = 25.0.1704.0
MinimumVisualStudioVersion = 10.0.40219.1
Project("{FAE04EC0-301F-11D3-BF4B-00C04F79EFBC}") = "OperatorOverloading-Indexer-Reflection_HW", "OperatorOverloading-Indexer-Reflection_HW\OperatorOverloading-Indexer-Reflection_HW.csproj", "{5703AF1B-CE46-4EFA-9BFA-14CC8587F222}"
EndProject
Global
	GlobalSection(SolutionConfigurationPlatforms) = preSolution
		Debug|Any CPU = Debug|Any CPU
		Release|Any CPU = Release|Any CPU
	EndGlobalSection
	GlobalSection(ProjectConfigurationPlatforms) = postSolution
		{5703AF1B-CE46-4EFA-9BFA-14CC8587F222}.Debug|Any CPU.ActiveCfg = Debug|Any CPU
		{5703AF1B-CE46-4EFA-9BFA-14CC8587F222}.Debug|Any CPU.Build.0 = Debug|Any CPU
		{5703AF1B-CE46-4EFA-9BFA-14CC8587F222}.Release|Any CPU.ActiveCfg = Release|Any CPU
		{5703AF1B-CE46-4EFA-9BFA-14CC8587F222}.Release|Any CPU.Build.0 = Release|Any CPU
	EndGlobalSection
	GlobalSection(SolutionProperties) = preSolution
		HideSolutionNode = FALSE
	EndGlobalSection
	GlobalSection(ExtensibilityGlobals) = postSolution
		SolutionGuid = {B914162A-B3D9-4959-9816-AD83A418CF58}
	EndGlobalSection
EndGlobal
